# Exact ~/go2_ws/.venv on the Go2 Jetson, frozen 2026-10-03. Install with pip install -r requirements.lock
aiohappyeyeballs==2.7.1
aiohttp==3.14.3
aioice==0.10.2
aiortc==1.9.0
aiosignal==1.4.0
attrs==26.1.0
av==12.3.0
certifi==2026.7.22
cffi==2.1.1
charset-normalizer==3.5.1
cryptography==50.0.1
dnspython==2.8.0
frozenlist==1.8.0
google-crc32c==1.8.0
idna==3.19
ifaddr==0.2.0
multidict==6.8.0
opencv-python==4.11.0.86
paho-mqtt==2.1.0
propcache==0.5.2
pycryptodome==3.23.0
pydub==0.25.1
pyee==13.0.1
pylibsrtp==1.0.0
pyOpenSSL==26.4.0
pyserial==3.5
python-dotenv==1.2.3
requests==2.34.2
typing_extensions==4.16.0
urllib3==2.7.0
wasmtime==48.0.0
yarl==1.24.5
